
Microsoft Visual Studio Solution File, Format Version 12.00
# Visual Studio Version 17
VisualStudioVersion = 17.2.32516.85
MinimumVisualStudioVersion = 10.0.40219.1
Project("{9A19103F-16F7-4668-BE54-9A1E7A4F7556}") = "JogoDaVelha", "JogoDaVelha.csproj", "{059FF690-AE36-4480-83EB-3CB53E81CBAA}"
EndProject
Global
	GlobalSection(SolutionConfigurationPlatforms) = preSolution
		Debug|Any CPU = Debug|Any CPU
		Release|Any CPU = Release|Any CPU
	EndGlobalSection
	GlobalSection(ProjectConfigurationPlatforms) = postSolution
		{059FF690-AE36-4480-83EB-3CB53E81CBAA}.Debug|Any CPU.ActiveCfg = Debug|Any CPU
		{059FF690-AE36-4480-83EB-3CB53E81CBAA}.Debug|Any CPU.Build.0 = Debug|Any CPU
		{059FF690-AE36-4480-83EB-3CB53E81CBAA}.Release|Any CPU.ActiveCfg = Release|Any CPU
		{059FF690-AE36-4480-83EB-3CB53E81CBAA}.Release|Any CPU.Build.0 = Release|Any CPU
	EndGlobalSection
	GlobalSection(SolutionProperties) = preSolution
		HideSolutionNode = FALSE
	EndGlobalSection
	GlobalSection(ExtensibilityGlobals) = postSolution
		SolutionGuid = {5CCB26BA-41DB-4726-8A57-B1B367CE5DFB}
	EndGlobalSection
EndGlobal
